
Microsoft Visual Studio Solution File, Format Version 12.00
# Visual Studio Version 16
VisualStudioVersion = 16.0.29424.173
MinimumVisualStudioVersion = 10.0.40219.1
Project("{FAE04EC0-301F-11D3-BF4B-00C04F79EFBC}") = "NorthWindApp", "NorthWindApp\NorthWindApp.csproj", "{DCB31EC4-FB34-411B-8162-8C1C6CB32379}"
EndProject
Global
	GlobalSection(SolutionConfigurationPlatforms) = preSolution
		Debug|Any CPU = Debug|Any CPU
		Release|Any CPU = Release|Any CPU
	EndGlobalSection
	GlobalSection(ProjectConfigurationPlatforms) = postSolution
		{DCB31EC4-FB34-411B-8162-8C1C6CB32379}.Debug|Any CPU.ActiveCfg = Debug|Any CPU
		{DCB31EC4-FB34-411B-8162-8C1C6CB32379}.Debug|Any CPU.Build.0 = Debug|Any CPU
		{DCB31EC4-FB34-411B-8162-8C1C6CB32379}.Release|Any CPU.ActiveCfg = Release|Any CPU
		{DCB31EC4-FB34-411B-8162-8C1C6CB32379}.Release|Any CPU.Build.0 = Release|Any CPU
	EndGlobalSection
	GlobalSection(SolutionProperties) = preSolution
		HideSolutionNode = FALSE
	EndGlobalSection
	GlobalSection(ExtensibilityGlobals) = postSolution
		SolutionGuid = {90D7E592-86BD-475E-9354-0C513062AD62}
	EndGlobalSection
EndGlobal
